// !$*UTF8*$!
{
	archiveVersion = 1;
	classes = {
	};
	objectVersion = 46;
	objects = {

/* Begin PBXBuildFile section */
		9EE7BAA11DC293CD0056D7EC /* AppDelegate.swift in Sources */ = {isa = PBXBuildFile; fileRef = 9EE7BAA01DC293CD0056D7EC /* AppDelegate.swift */; };
		9EE7BAA31DC293CD0056D7EC /* ViewController.swift in Sources */ = {isa = PBXBuildFile; fileRef = 9EE7BAA21DC293CD0056D7EC /* ViewController.swift */; };
		9EE7BAA61DC293CD0056D7EC /* Main.storyboard in Resources */ = {isa = PBXBuildFile; fileRef = 9EE7BAA41DC293CD0056D7EC /* Main.storyboard */; };
		9EE7BAA81DC293CD0056D7EC /* Assets.xcassets in Resources */ = {isa = PBXBuildFile; fileRef = 9EE7BAA71DC293CD0056D7EC /* Assets.xcassets */; };
		9EE7BAAB1DC293CD0056D7EC /* LaunchScreen.storyboard in Resources */ = {isa = PBXBuildFile; fileRef = 9EE7BAA91DC293CD0056D7EC /* LaunchScreen.storyboard */; };
/* End PBXBuildFile section */

/* Begin PBXFileReference section */
		9EE7BA9D1DC293CC0056D7EC /* AutoLayout_Fernando_Rossetti.app */ = {isa = PBXFileReference; explicitFileType = wrapper.application; includeInIndex = 0; path = AutoLayout_Fernando_Rossetti.app; sourceTree = BUILT_PRODUCTS_DIR; };
		9EE7BAA01DC293CD0056D7EC /* AppDelegate.swift */ = {isa = PBXFileReference; lastKnownFileType = sourcecode.swift; path = AppDelegate.swift; sourceTree = "<group>"; };
		9EE7BAA21DC293CD0056D7EC /* ViewController.swift */ = {isa = PBXFileReference; lastKnownFileType = sourcecode.swift; path = ViewController.swift; sourceTree = "<group>"; };
		9EE7BAA51DC293CD0056D7EC /* Base */ = {isa = PBXFileReference; lastKnownFileType = file.storyboard; name = Base; path = Base.lproj/Main.storyboard; sourceTree = "<group>"; };
		9EE7BAA71DC293CD0056D7EC /* Assets.xcassets */ = {isa = PBXFileReference; lastKnownFileType = folder.assetcatalog; path = Assets.xcassets; sourceTree = "<group>"; };
		9EE7BAAA1DC293CD0056D7EC /* Base */ = {isa = PBXFileReference; lastKnownFileType = file.storyboard; name = Base; path = Base.lproj/LaunchScreen.storyboard; sourceTree = "<group>"; };
		9EE7BAAC1DC293CD0056D7EC /* Info.plist */ = {isa = PBXFileReference; lastKnownFileType = text.plist.xml; path = Info.plist; sourceTree = "<group>"; };
/* End PBXFileReference section */

/* Begin PBXFrameworksBuildPhase section */
		9EE7BA9A1DC293CC0056D7EC /* Frameworks */ = {
			isa = PBXFrameworksBuildPhase;
			buildActionMask = 2147483647;
			files = (
			);
			runOnlyForDeploymentPostprocessing = 0;
		};
/* End PBXFrameworksBuildPhase section */

/* Begin PBXGroup section */
		9EE7BA941DC293CC0056D7EC = {
			isa = PBXGroup;
			children = (
				9EE7BA9F1DC293CC0056D7EC /* AutoLayout_Fernando_Rossetti */,
				9EE7BA9E1DC293CC0056D7EC /* Products */,
			);
			sourceTree = "<group>";
		};
		9EE7BA9E1DC293CC0056D7EC /* Products */ = {
			isa = PBXGroup;
			children = (
				9EE7BA9D1DC293CC0056D7EC /* AutoLayout_Fernando_Rossetti.app */,
			);
			name = Products;
			sourceTree = "<group>";
		};
		9EE7BA9F1DC293CC0056D7EC /* AutoLayout_Fernando_Rossetti */ = {
			isa = PBXGroup;
			children = (
				9EE7BAA01DC293CD0056D7EC /* AppDelegate.swift */,
				9EE7BAA21DC293CD0056D7EC /* ViewController.swift */,
				9EE7BAA41DC293CD0056D7EC /* Main.storyboard */,
				9EE7BAA71DC293CD0056D7EC /* Assets.xcassets */,
				9EE7BAA91DC293CD0056D7EC /* LaunchScreen.storyboard */,
				9EE7BAAC1DC293CD0056D7EC /* Info.plist */,
			);
			path = AutoLayout_Fernando_Rossetti;
			sourceTree = "<group>";
		};
/* End PBXGroup section */

/* Begin PBXNativeTarget section */
		9EE7BA9C1DC293CC0056D7EC /* AutoLayout_Fernando_Rossetti */ = {
			isa = PBXNativeTarget;
			buildConfigurationList = 9EE7BAAF1DC293CD0056D7EC /* Build configuration list for PBXNativeTarget "AutoLayout_Fernando_Rossetti" */;
			buildPhases = (
				9EE7BA991DC293CC0056D7EC /* Sources */,
				9EE7BA9A1DC293CC0056D7EC /* Frameworks */,
				9EE7BA9B1DC293CC0056D7EC /* Resources */,
			);
			buildRules = (
			);
			dependencies = (
			);
			name = AutoLayout_Fernando_Rossetti;
			productName = AutoLayout_Fernando_Rossetti;
			productReference = 9EE7BA9D1DC293CC0056D7EC /* AutoLayout_Fernando_Rossetti.app */;
			productType = "com.apple.product-type.application";
		};
/* End PBXNativeTarget section */

/* Begin PBXProject section */
		9EE7BA951DC293CC0056D7EC /* Project object */ = {
			isa = PBXProject;
			attributes = {
				LastSwiftUpdateCheck = 0730;
				LastUpgradeCheck = 0730;
				ORGANIZATIONNAME = FernandoRossetti;
				TargetAttributes = {
					9EE7BA9C1DC293CC0056D7EC = {
						CreatedOnToolsVersion = 7.3.1;
						DevelopmentTeam = R8YBXXL33V;
					};
				};
			};
			buildConfigurationList = 9EE7BA981DC293CC0056D7EC /* Build configuration list for PBXProject "AutoLayout_Fernando_Rossetti" */;
			compatibilityVersion = "Xcode 3.2";
			developmentRegion = English;
			hasScannedForEncodings = 0;
			knownRegions = (
				en,
				Base,
			);
			mainGroup = 9EE7BA941DC293CC0056D7EC;
			productRefGroup = 9EE7BA9E1DC293CC0056D7EC /* Products */;
			projectDirPath = "";
			projectRoot = "";
			targets = (
				9EE7BA9C1DC293CC0056D7EC /* AutoLayout_Fernando_Rossetti */,
			);
		};
/* End PBXProject section */

/* Begin PBXResourcesBuildPhase section */
		9EE7BA9B1DC293CC0056D7EC /* Resources */ = {
			isa = PBXResourcesBuildPhase;
			buildActionMask = 2147483647;
			files = (
				9EE7BAAB1DC293CD0056D7EC /* LaunchScreen.storyboard in Resources */,
				9EE7BAA81DC293CD0056D7EC /* Assets.xcassets in Resources */,
				9EE7BAA61DC293CD0056D7EC /* Main.storyboard in Resources */,
			);
			runOnlyForDeploymentPostprocessing = 0;
		};
/* End PBXResourcesBuildPhase section */

/* Begin PBXSourcesBuildPhase section */
		9EE7BA991DC293CC0056D7EC /* Sources */ = {
			isa = PBXSourcesBuildPhase;
			buildActionMask = 2147483647;
			files = (
				9EE7BAA31DC293CD0056D7EC /* ViewController.swift in Sources */,
				9EE7BAA11DC293CD0056D7EC /* AppDelegate.swift in Sources */,
			);
			runOnlyForDeploymentPostprocessing = 0;
		};
/* End PBXSourcesBuildPhase section */

/* Begin PBXVariantGroup section */
		9EE7BAA41DC293CD0056D7EC /* Main.storyboard */ = {
			isa = PBXVariantGroup;
			children = (
				9EE7BAA51DC293CD0056D7EC /* Base */,
			);
			name = Main.storyboard;
			sourceTree = "<group>";
		};
		9EE7BAA91DC293CD0056D7EC /* LaunchScreen.storyboard */ = {
			isa = PBXVariantGroup;
			children = (
				9EE7BAAA1DC293CD0056D7EC /* Base */,
			);
			name = LaunchScreen.storyboard;
			sourceTree = "<group>";
		};
/* End PBXVariantGroup section */

/* Begin XCBuildConfiguration section */
		9EE7BAAD1DC293CD0056D7EC /* Debug */ = {
			isa = XCBuildConfiguration;
			buildSettings = {
				ALWAYS_SEARCH_USER_PATHS = NO;
				CLANG_ANALYZER_NONNULL = YES;
				CLANG_CXX_LANGUAGE_STANDARD = "gnu++0x";
				CLANG_CXX_LIBRARY = "libc++";
				CLANG_ENABLE_MODULES = YES;
				CLANG_ENABLE_OBJC_ARC = YES;
				CLANG_WARN_BOOL_CONVERSION = YES;
				CLANG_WARN_CONSTANT_CONVERSION = YES;
				CLANG_WARN_DIRECT_OBJC_ISA_USAGE = YES_ERROR;
				CLANG_WARN_EMPTY_BODY = YES;
				CLANG_WARN_ENUM_CONVERSION = YES;
				CLANG_WARN_INT_CONVERSION = YES;
				CLANG_WARN_OBJC_ROOT_CLASS = YES_ERROR;
				CLANG_WARN_UNREACHABLE_CODE = YES;
				CLANG_WARN__DUPLICATE_METHOD_MATCH = YES;
				"CODE_SIGN_IDENTITY[sdk=iphoneos*]" = "iPhone Developer";
				COPY_PHASE_STRIP = NO;
				DEBUG_INFORMATION_FORMAT = dwarf;
				ENABLE_STRICT_OBJC_MSGSEND = YES;
				ENABLE_TESTABILITY = YES;
				GCC_C_LANGUAGE_STANDARD = gnu99;
				GCC_DYNAMIC_NO_PIC = NO;
				GCC_NO_COMMON_BLOCKS = YES;
				GCC_OPTIMIZATION_LEVEL = 0;
				GCC_PREPROCESSOR_DEFINITIONS = (
					"DEBUG=1",
					"$(inherited)",
				);
				GCC_WARN_64_TO_32_BIT_CONVERSION = YES;
				GCC_WARN_ABOUT_RETURN_TYPE = YES_ERROR;
				GCC_WARN_UNDECLARED_SELECTOR = YES;
				GCC_WARN_UNINITIALIZED_AUTOS = YES_AGGRESSIVE;
				GCC_WARN_UNUSED_FUNCTION = YES;
				GCC_WARN_UNUSED_VARIABLE = YES;
				IPHONEOS_DEPLOYMENT_TARGET = 9.3;
				MTL_ENABLE_DEBUG_INFO = YES;
				ONLY_ACTIVE_ARCH = YES;
				SDKROOT = iphoneos;
				SWIFT_OPTIMIZATION_LEVEL = "-Onone";
				TARGETED_DEVICE_FAMILY = "1,2";
			};
			name = Debug;
		};
		9EE7BAAE1DC293CD0056D7EC /* Release */ = {
			isa = XCBuildConfiguration;
			buildSettings = {
				ALWAYS_SEARCH_USER_PATHS = NO;
				CLANG_ANALYZER_NONNULL = YES;
				CLANG_CXX_LANGUAGE_STANDARD = "gnu++0x";
				CLANG_CXX_LIBRARY = "libc++";
				CLANG_ENABLE_MODULES = YES;
				CLANG_ENABLE_OBJC_ARC = YES;
				CLANG_WARN_BOOL_CONVERSION = YES;
				CLANG_WARN_CONSTANT_CONVERSION = YES;
				CLANG_WARN_DIRECT_OBJC_ISA_USAGE = YES_ERROR;
				CLANG_WARN_EMPTY_BODY = YES;
				CLANG_WARN_ENUM_CONVERSION = YES;
				CLANG_WARN_INT_CONVERSION = YES;
				CLANG_WARN_OBJC_ROOT_CLASS = YES_ERROR;
				CLANG_WARN_UNREACHABLE_CODE = YES;
				CLANG_WARN__DUPLICATE_METHOD_MATCH = YES;
				"CODE_SIGN_IDENTITY[sdk=iphoneos*]" = "iPhone Developer";
				COPY_PHASE_STRIP = NO;
				DEBUG_INFORMATION_FORMAT = "dwarf-with-dsym";
				ENABLE_NS_ASSERTIONS = NO;
				ENABLE_STRICT_OBJC_MSGSEND = YES;
				GCC_C_LANGUAGE_STANDARD = gnu99;
				GCC_NO_COMMON_BLOCKS = YES;
				GCC_WARN_64_TO_32_BIT_CONVERSION = YES;
				GCC_WARN_ABOUT_RETURN_TYPE = YES_ERROR;
				GCC_WARN_UNDECLARED_SELECTOR = YES;
				GCC_WARN_UNINITIALIZED_AUTOS = YES_AGGRESSIVE;
				GCC_WARN_UNUSED_FUNCTION = YES;
				GCC_WARN_UNUSED_VARIABLE = YES;
				IPHONEOS_DEPLOYMENT_TARGET = 9.3;
				MTL_ENABLE_DEBUG_INFO = NO;
				SDKROOT = iphoneos;
				TARGETED_DEVICE_FAMILY = "1,2";
				VALIDATE_PRODUCT = YES;
			};
			name = Release;
		};
		9EE7BAB01DC293CD0056D7EC /* Debug */ = {
			isa = XCBuildConfiguration;
			buildSettings = {
				ASSETCATALOG_COMPILER_APPICON_NAME = AppIcon;
				INFOPLIST_FILE = AutoLayout_Fernando_Rossetti/Info.plist;
				LD_RUNPATH_SEARCH_PATHS = "$(inherited) @executable_path/Frameworks";
				PRODUCT_BUNDLE_IDENTIFIER = "com.nextu.iosdeveloper.AutoLayout-Fernando-Rossetti";
				PRODUCT_NAME = "$(TARGET_NAME)";
			};
			name = Debug;
		};
		9EE7BAB11DC293CD0056D7EC /* Release */ = {
			isa = XCBuildConfiguration;
			buildSettings = {
				ASSETCATALOG_COMPILER_APPICON_NAME = AppIcon;
				INFOPLIST_FILE = AutoLayout_Fernando_Rossetti/Info.plist;
				LD_RUNPATH_SEARCH_PATHS = "$(inherited) @executable_path/Frameworks";
				PRODUCT_BUNDLE_IDENTIFIER = "com.nextu.iosdeveloper.AutoLayout-Fernando-Rossetti";
				PRODUCT_NAME = "$(TARGET_NAME)";
			};
			name = Release;
		};
/* End XCBuildConfiguration section */

/* Begin XCConfigurationList section */
		9EE7BA981DC293CC0056D7EC /* Build configuration list for PBXProject "AutoLayout_Fernando_Rossetti" */ = {
			isa = XCConfigurationList;
			buildConfigurations = (
				9EE7BAAD1DC293CD0056D7EC /* Debug */,
				9EE7BAAE1DC293CD0056D7EC /* Release */,
			);
			defaultConfigurationIsVisible = 0;
			defaultConfigurationName = Release;
		};
		9EE7BAAF1DC293CD0056D7EC /* Build configuration list for PBXNativeTarget "AutoLayout_Fernando_Rossetti" */ = {
			isa = XCConfigurationList;
			buildConfigurations = (
				9EE7BAB01DC293CD0056D7EC /* Debug */,
				9EE7BAB11DC293CD0056D7EC /* Release */,
			);
			defaultConfigurationIsVisible = 0;
		};
/* End XCConfigurationList section */
	};
	rootObject = 9EE7BA951DC293CC0056D7EC /* Project object */;
}
